
Microsoft Visual Studio Solution File, Format Version 12.00
# Visual Studio Version 17
VisualStudioVersion = 17.8.34525.116
MinimumVisualStudioVersion = 10.0.40219.1
Project("{FAE04EC0-301F-11D3-BF4B-00C04F79EFBC}") = "ConsoleAppSequencia", "ConsoleAppSequencia\ConsoleAppSequencia.csproj", "{C09A211E-4B09-4A16-A655-361E00DF8E85}"
EndProject
Global
	GlobalSection(SolutionConfigurationPlatforms) = preSolution
		Debug|Any CPU = Debug|Any CPU
		Release|Any CPU = Release|Any CPU
	EndGlobalSection
	GlobalSection(ProjectConfigurationPlatforms) = postSolution
		{C09A211E-4B09-4A16-A655-361E00DF8E85}.Debug|Any CPU.ActiveCfg = Debug|Any CPU
		{C09A211E-4B09-4A16-A655-361E00DF8E85}.Debug|Any CPU.Build.0 = Debug|Any CPU
		{C09A211E-4B09-4A16-A655-361E00DF8E85}.Release|Any CPU.ActiveCfg = Release|Any CPU
		{C09A211E-4B09-4A16-A655-361E00DF8E85}.Release|Any CPU.Build.0 = Release|Any CPU
	EndGlobalSection
	GlobalSection(SolutionProperties) = preSolution
		HideSolutionNode = FALSE
	EndGlobalSection
	GlobalSection(ExtensibilityGlobals) = postSolution
		SolutionGuid = {664ECDBC-0E4C-4156-BA6F-47EB3975E061}
	EndGlobalSection
EndGlobal
